// !$*UTF8*$!
{
	archiveVersion = 1;
	classes = {
	};
	objectVersion = 56;
	objects = {

/* Begin PBXBuildFile section */
		78E383712A13AA95003C8A15 /* AppDelegate.swift in Sources */ = {isa = PBXBuildFile; fileRef = 78E383702A13AA95003C8A15 /* AppDelegate.swift */; };
		78E383732A13AA95003C8A15 /* SceneDelegate.swift in Sources */ = {isa = PBXBuildFile; fileRef = 78E383722A13AA95003C8A15 /* SceneDelegate.swift */; };
		78E383752A13AA95003C8A15 /* ViewController.swift in Sources */ = {isa = PBXBuildFile; fileRef = 78E383742A13AA95003C8A15 /* ViewController.swift */; };
		78E3837B2A13AA95003C8A15 /* DepremApp.xcdatamodeld in Sources */ = {isa = PBXBuildFile; fileRef = 78E383792A13AA95003C8A15 /* DepremApp.xcdatamodeld */; };
		78E3837D2A13AA96003C8A15 /* Assets.xcassets in Resources */ = {isa = PBXBuildFile; fileRef = 78E3837C2A13AA96003C8A15 /* Assets.xcassets */; };
		78E383802A13AA96003C8A15 /* LaunchScreen.storyboard in Resources */ = {isa = PBXBuildFile; fileRef = 78E3837E2A13AA96003C8A15 /* LaunchScreen.storyboard */; };
		78E383932A13BB1A003C8A15 /* UIColor+Extensions.swift in Sources */ = {isa = PBXBuildFile; fileRef = 78E383922A13BB1A003C8A15 /* UIColor+Extensions.swift */; };
		78E383962A13BB3A003C8A15 /* HTTPMethod.swift in Sources */ = {isa = PBXBuildFile; fileRef = 78E383952A13BB3A003C8A15 /* HTTPMethod.swift */; };
		78E383982A13BB44003C8A15 /* ErrorResponse.swift in Sources */ = {isa = PBXBuildFile; fileRef = 78E383972A13BB44003C8A15 /* ErrorResponse.swift */; };
		78E3839A2A13BB50003C8A15 /* DataRequest.swift in Sources */ = {isa = PBXBuildFile; fileRef = 78E383992A13BB50003C8A15 /* DataRequest.swift */; };
		78E3839C2A13BB58003C8A15 /* Endpoint.swift in Sources */ = {isa = PBXBuildFile; fileRef = 78E3839B2A13BB58003C8A15 /* Endpoint.swift */; };
		78E3839E2A13BB99003C8A15 /* APIRequest.swift in Sources */ = {isa = PBXBuildFile; fileRef = 78E3839D2A13BB99003C8A15 /* APIRequest.swift */; };
		78E383A02A13BBB4003C8A15 /* NetworkService.swift in Sources */ = {isa = PBXBuildFile; fileRef = 78E3839F2A13BBB4003C8A15 /* NetworkService.swift */; };
		78E383A32A13BBDA003C8A15 /* EarthQuake.swift in Sources */ = {isa = PBXBuildFile; fileRef = 78E383A22A13BBDA003C8A15 /* EarthQuake.swift */; };
		78E383A52A13BBE3003C8A15 /* APIResponse.swift in Sources */ = {isa = PBXBuildFile; fileRef = 78E383A42A13BBE3003C8A15 /* APIResponse.swift */; };
/* End PBXBuildFile section */

/* Begin PBXFileReference section */
		78E3836D2A13AA95003C8A15 /* DepremApp.app */ = {isa = PBXFileReference; explicitFileType = wrapper.application; includeInIndex = 0; path = DepremApp.app; sourceTree = BUILT_PRODUCTS_DIR; };
		78E383702A13AA95003C8A15 /* AppDelegate.swift */ = {isa = PBXFileReference; lastKnownFileType = sourcecode.swift; path = AppDelegate.swift; sourceTree = "<group>"; };
		78E383722A13AA95003C8A15 /* SceneDelegate.swift */ = {isa = PBXFileReference; lastKnownFileType = sourcecode.swift; path = SceneDelegate.swift; sourceTree = "<group>"; };
		78E383742A13AA95003C8A15 /* ViewController.swift */ = {isa = PBXFileReference; lastKnownFileType = sourcecode.swift; path = ViewController.swift; sourceTree = "<group>"; };
		78E3837A2A13AA95003C8A15 /* DepremApp.xcdatamodel */ = {isa = PBXFileReference; lastKnownFileType = wrapper.xcdatamodel; path = DepremApp.xcdatamodel; sourceTree = "<group>"; };
		78E3837C2A13AA96003C8A15 /* Assets.xcassets */ = {isa = PBXFileReference; lastKnownFileType = folder.assetcatalog; path = Assets.xcassets; sourceTree = "<group>"; };
		78E3837F2A13AA96003C8A15 /* Base */ = {isa = PBXFileReference; lastKnownFileType = file.storyboard; name = Base; path = Base.lproj/LaunchScreen.storyboard; sourceTree = "<group>"; };
		78E383812A13AA96003C8A15 /* Info.plist */ = {isa = PBXFileReference; lastKnownFileType = text.plist.xml; path = Info.plist; sourceTree = "<group>"; };
		78E383922A13BB1A003C8A15 /* UIColor+Extensions.swift */ = {isa = PBXFileReference; lastKnownFileType = sourcecode.swift; path = "UIColor+Extensions.swift"; sourceTree = "<group>"; };
		78E383952A13BB3A003C8A15 /* HTTPMethod.swift */ = {isa = PBXFileReference; lastKnownFileType = sourcecode.swift; path = HTTPMethod.swift; sourceTree = "<group>"; };
		78E383972A13BB44003C8A15 /* ErrorResponse.swift */ = {isa = PBXFileReference; lastKnownFileType = sourcecode.swift; path = ErrorResponse.swift; sourceTree = "<group>"; };
		78E383992A13BB50003C8A15 /* DataRequest.swift */ = {isa = PBXFileReference; lastKnownFileType = sourcecode.swift; path = DataRequest.swift; sourceTree = "<group>"; };
		78E3839B2A13BB58003C8A15 /* Endpoint.swift */ = {isa = PBXFileReference; lastKnownFileType = sourcecode.swift; path = Endpoint.swift; sourceTree = "<group>"; };
		78E3839D2A13BB99003C8A15 /* APIRequest.swift */ = {isa = PBXFileReference; lastKnownFileType = sourcecode.swift; path = APIRequest.swift; sourceTree = "<group>"; };
		78E3839F2A13BBB4003C8A15 /* NetworkService.swift */ = {isa = PBXFileReference; lastKnownFileType = sourcecode.swift; path = NetworkService.swift; sourceTree = "<group>"; };
		78E383A22A13BBDA003C8A15 /* EarthQuake.swift */ = {isa = PBXFileReference; lastKnownFileType = sourcecode.swift; path = EarthQuake.swift; sourceTree = "<group>"; };
		78E383A42A13BBE3003C8A15 /* APIResponse.swift */ = {isa = PBXFileReference; lastKnownFileType = sourcecode.swift; path = APIResponse.swift; sourceTree = "<group>"; };
/* End PBXFileReference section */

/* Begin PBXFrameworksBuildPhase section */
		78E3836A2A13AA95003C8A15 /* Frameworks */ = {
			isa = PBXFrameworksBuildPhase;
			buildActionMask = 2147483647;
			files = (
			);
			runOnlyForDeploymentPostprocessing = 0;
		};
/* End PBXFrameworksBuildPhase section */

/* Begin PBXGroup section */
		78E383642A13AA95003C8A15 = {
			isa = PBXGroup;
			children = (
				78E3836F2A13AA95003C8A15 /* DepremApp */,
				78E3836E2A13AA95003C8A15 /* Products */,
			);
			sourceTree = "<group>";
		};
		78E3836E2A13AA95003C8A15 /* Products */ = {
			isa = PBXGroup;
			children = (
				78E3836D2A13AA95003C8A15 /* DepremApp.app */,
			);
			name = Products;
			sourceTree = "<group>";
		};
		78E3836F2A13AA95003C8A15 /* DepremApp */ = {
			isa = PBXGroup;
			children = (
				78E383872A13AAA1003C8A15 /* App */,
				78E3838E2A13AB7A003C8A15 /* Screens */,
			);
			path = DepremApp;
			sourceTree = "<group>";
		};
		78E383872A13AAA1003C8A15 /* App */ = {
			isa = PBXGroup;
			children = (
				78E383792A13AA95003C8A15 /* DepremApp.xcdatamodeld */,
				78E3838D2A13AB42003C8A15 /* Assets */,
				78E3838C2A13AB37003C8A15 /* Views */,
				78E3838A2A13AAF1003C8A15 /* Plists */,
				78E383892A13AAEF003C8A15 /* Delegates */,
				78E383882A13AAEC003C8A15 /* Core */,
			);
			path = App;
			sourceTree = "<group>";
		};
		78E383882A13AAEC003C8A15 /* Core */ = {
			isa = PBXGroup;
			children = (
				78E383902A13BAF3003C8A15 /* Extensions */,
				78E3838F2A13BAEB003C8A15 /* Network */,
			);
			path = Core;
			sourceTree = "<group>";
		};
		78E383892A13AAEF003C8A15 /* Delegates */ = {
			isa = PBXGroup;
			children = (
				78E383702A13AA95003C8A15 /* AppDelegate.swift */,
				78E383722A13AA95003C8A15 /* SceneDelegate.swift */,
			);
			path = Delegates;
			sourceTree = "<group>";
		};
		78E3838A2A13AAF1003C8A15 /* Plists */ = {
			isa = PBXGroup;
			children = (
				78E383812A13AA96003C8A15 /* Info.plist */,
			);
			path = Plists;
			sourceTree = "<group>";
		};
		78E3838C2A13AB37003C8A15 /* Views */ = {
			isa = PBXGroup;
			children = (
				78E3837E2A13AA96003C8A15 /* LaunchScreen.storyboard */,
			);
			path = Views;
			sourceTree = "<group>";
		};
		78E3838D2A13AB42003C8A15 /* Assets */ = {
			isa = PBXGroup;
			children = (
				78E3837C2A13AA96003C8A15 /* Assets.xcassets */,
			);
			path = Assets;
			sourceTree = "<group>";
		};
		78E3838E2A13AB7A003C8A15 /* Screens */ = {
			isa = PBXGroup;
			children = (
				78E383A12A13BBCB003C8A15 /* Models */,
				78E383742A13AA95003C8A15 /* ViewController.swift */,
			);
			path = Screens;
			sourceTree = "<group>";
		};
		78E3838F2A13BAEB003C8A15 /* Network */ = {
			isa = PBXGroup;
			children = (
				78E383942A13BB29003C8A15 /* Requests */,
				78E383912A13BAF9003C8A15 /* Services */,
				78E383952A13BB3A003C8A15 /* HTTPMethod.swift */,
				78E383972A13BB44003C8A15 /* ErrorResponse.swift */,
				78E383992A13BB50003C8A15 /* DataRequest.swift */,
				78E3839B2A13BB58003C8A15 /* Endpoint.swift */,
			);
			path = Network;
			sourceTree = "<group>";
		};
		78E383902A13BAF3003C8A15 /* Extensions */ = {
			isa = PBXGroup;
			children = (
				78E383922A13BB1A003C8A15 /* UIColor+Extensions.swift */,
			);
			path = Extensions;
			sourceTree = "<group>";
		};
		78E383912A13BAF9003C8A15 /* Services */ = {
			isa = PBXGroup;
			children = (
				78E3839F2A13BBB4003C8A15 /* NetworkService.swift */,
			);
			path = Services;
			sourceTree = "<group>";
		};
		78E383942A13BB29003C8A15 /* Requests */ = {
			isa = PBXGroup;
			children = (
				78E3839D2A13BB99003C8A15 /* APIRequest.swift */,
			);
			path = Requests;
			sourceTree = "<group>";
		};
		78E383A12A13BBCB003C8A15 /* Models */ = {
			isa = PBXGroup;
			children = (
				78E383A22A13BBDA003C8A15 /* EarthQuake.swift */,
				78E383A42A13BBE3003C8A15 /* APIResponse.swift */,
			);
			path = Models;
			sourceTree = "<group>";
		};
/* End PBXGroup section */

/* Begin PBXNativeTarget section */
		78E3836C2A13AA95003C8A15 /* DepremApp */ = {
			isa = PBXNativeTarget;
			buildConfigurationList = 78E383842A13AA96003C8A15 /* Build configuration list for PBXNativeTarget "DepremApp" */;
			buildPhases = (
				78E383692A13AA95003C8A15 /* Sources */,
				78E3836A2A13AA95003C8A15 /* Frameworks */,
				78E3836B2A13AA95003C8A15 /* Resources */,
			);
			buildRules = (
			);
			dependencies = (
			);
			name = DepremApp;
			productName = DepremApp;
			productReference = 78E3836D2A13AA95003C8A15 /* DepremApp.app */;
			productType = "com.apple.product-type.application";
		};
/* End PBXNativeTarget section */

/* Begin PBXProject section */
		78E383652A13AA95003C8A15 /* Project object */ = {
			isa = PBXProject;
			attributes = {
				BuildIndependentTargetsInParallel = 1;
				LastSwiftUpdateCheck = 1430;
				LastUpgradeCheck = 1430;
				TargetAttributes = {
					78E3836C2A13AA95003C8A15 = {
						CreatedOnToolsVersion = 14.3;
					};
				};
			};
			buildConfigurationList = 78E383682A13AA95003C8A15 /* Build configuration list for PBXProject "DepremApp" */;
			compatibilityVersion = "Xcode 14.0";
			developmentRegion = en;
			hasScannedForEncodings = 0;
			knownRegions = (
				en,
				Base,
			);
			mainGroup = 78E383642A13AA95003C8A15;
			productRefGroup = 78E3836E2A13AA95003C8A15 /* Products */;
			projectDirPath = "";
			projectRoot = "";
			targets = (
				78E3836C2A13AA95003C8A15 /* DepremApp */,
			);
		};
/* End PBXProject section */

/* Begin PBXResourcesBuildPhase section */
		78E3836B2A13AA95003C8A15 /* Resources */ = {
			isa = PBXResourcesBuildPhase;
			buildActionMask = 2147483647;
			files = (
				78E383802A13AA96003C8A15 /* LaunchScreen.storyboard in Resources */,
				78E3837D2A13AA96003C8A15 /* Assets.xcassets in Resources */,
			);
			runOnlyForDeploymentPostprocessing = 0;
		};
/* End PBXResourcesBuildPhase section */

/* Begin PBXSourcesBuildPhase section */
		78E383692A13AA95003C8A15 /* Sources */ = {
			isa = PBXSourcesBuildPhase;
			buildActionMask = 2147483647;
			files = (
				78E383A02A13BBB4003C8A15 /* NetworkService.swift in Sources */,
				78E3837B2A13AA95003C8A15 /* DepremApp.xcdatamodeld in Sources */,
				78E3839C2A13BB58003C8A15 /* Endpoint.swift in Sources */,
				78E383932A13BB1A003C8A15 /* UIColor+Extensions.swift in Sources */,
				78E383962A13BB3A003C8A15 /* HTTPMethod.swift in Sources */,
				78E383752A13AA95003C8A15 /* ViewController.swift in Sources */,
				78E383712A13AA95003C8A15 /* AppDelegate.swift in Sources */,
				78E383A52A13BBE3003C8A15 /* APIResponse.swift in Sources */,
				78E383732A13AA95003C8A15 /* SceneDelegate.swift in Sources */,
				78E383982A13BB44003C8A15 /* ErrorResponse.swift in Sources */,
				78E3839E2A13BB99003C8A15 /* APIRequest.swift in Sources */,
				78E383A32A13BBDA003C8A15 /* EarthQuake.swift in Sources */,
				78E3839A2A13BB50003C8A15 /* DataRequest.swift in Sources */,
			);
			runOnlyForDeploymentPostprocessing = 0;
		};
/* End PBXSourcesBuildPhase section */

/* Begin PBXVariantGroup section */
		78E3837E2A13AA96003C8A15 /* LaunchScreen.storyboard */ = {
			isa = PBXVariantGroup;
			children = (
				78E3837F2A13AA96003C8A15 /* Base */,
			);
			name = LaunchScreen.storyboard;
			sourceTree = "<group>";
		};
/* End PBXVariantGroup section */

/* Begin XCBuildConfiguration section */
		78E383822A13AA96003C8A15 /* Debug */ = {
			isa = XCBuildConfiguration;
			buildSettings = {
				ALWAYS_SEARCH_USER_PATHS = NO;
				CLANG_ANALYZER_NONNULL = YES;
				CLANG_ANALYZER_NUMBER_OBJECT_CONVERSION = YES_AGGRESSIVE;
				CLANG_CXX_LANGUAGE_STANDARD = "gnu++20";
				CLANG_ENABLE_MODULES = YES;
				CLANG_ENABLE_OBJC_ARC = YES;
				CLANG_ENABLE_OBJC_WEAK = YES;
				CLANG_WARN_BLOCK_CAPTURE_AUTORELEASING = YES;
				CLANG_WARN_BOOL_CONVERSION = YES;
				CLANG_WARN_COMMA = YES;
				CLANG_WARN_CONSTANT_CONVERSION = YES;
				CLANG_WARN_DEPRECATED_OBJC_IMPLEMENTATIONS = YES;
				CLANG_WARN_DIRECT_OBJC_ISA_USAGE = YES_ERROR;
				CLANG_WARN_DOCUMENTATION_COMMENTS = YES;
				CLANG_WARN_EMPTY_BODY = YES;
				CLANG_WARN_ENUM_CONVERSION = YES;
				CLANG_WARN_INFINITE_RECURSION = YES;
				CLANG_WARN_INT_CONVERSION = YES;
				CLANG_WARN_NON_LITERAL_NULL_CONVERSION = YES;
				CLANG_WARN_OBJC_IMPLICIT_RETAIN_SELF = YES;
				CLANG_WARN_OBJC_LITERAL_CONVERSION = YES;
				CLANG_WARN_OBJC_ROOT_CLASS = YES_ERROR;
				CLANG_WARN_QUOTED_INCLUDE_IN_FRAMEWORK_HEADER = YES;
				CLANG_WARN_RANGE_LOOP_ANALYSIS = YES;
				CLANG_WARN_STRICT_PROTOTYPES = YES;
				CLANG_WARN_SUSPICIOUS_MOVE = YES;
				CLANG_WARN_UNGUARDED_AVAILABILITY = YES_AGGRESSIVE;
				CLANG_WARN_UNREACHABLE_CODE = YES;
				CLANG_WARN__DUPLICATE_METHOD_MATCH = YES;
				COPY_PHASE_STRIP = NO;
				DEBUG_INFORMATION_FORMAT = dwarf;
				ENABLE_STRICT_OBJC_MSGSEND = YES;
				ENABLE_TESTABILITY = YES;
				GCC_C_LANGUAGE_STANDARD = gnu11;
				GCC_DYNAMIC_NO_PIC = NO;
				GCC_NO_COMMON_BLOCKS = YES;
				GCC_OPTIMIZATION_LEVEL = 0;
				GCC_PREPROCESSOR_DEFINITIONS = (
					"DEBUG=1",
					"$(inherited)",
				);
				GCC_WARN_64_TO_32_BIT_CONVERSION = YES;
				GCC_WARN_ABOUT_RETURN_TYPE = YES_ERROR;
				GCC_WARN_UNDECLARED_SELECTOR = YES;
				GCC_WARN_UNINITIALIZED_AUTOS = YES_AGGRESSIVE;
				GCC_WARN_UNUSED_FUNCTION = YES;
				GCC_WARN_UNUSED_VARIABLE = YES;
				IPHONEOS_DEPLOYMENT_TARGET = 16.4;
				MTL_ENABLE_DEBUG_INFO = INCLUDE_SOURCE;
				MTL_FAST_MATH = YES;
				ONLY_ACTIVE_ARCH = YES;
				SDKROOT = iphoneos;
				SWIFT_ACTIVE_COMPILATION_CONDITIONS = DEBUG;
				SWIFT_OPTIMIZATION_LEVEL = "-Onone";
			};
			name = Debug;
		};
		78E383832A13AA96003C8A15 /* Release */ = {
			isa = XCBuildConfiguration;
			buildSettings = {
				ALWAYS_SEARCH_USER_PATHS = NO;
				CLANG_ANALYZER_NONNULL = YES;
				CLANG_ANALYZER_NUMBER_OBJECT_CONVERSION = YES_AGGRESSIVE;
				CLANG_CXX_LANGUAGE_STANDARD = "gnu++20";
				CLANG_ENABLE_MODULES = YES;
				CLANG_ENABLE_OBJC_ARC = YES;
				CLANG_ENABLE_OBJC_WEAK = YES;
				CLANG_WARN_BLOCK_CAPTURE_AUTORELEASING = YES;
				CLANG_WARN_BOOL_CONVERSION = YES;
				CLANG_WARN_COMMA = YES;
				CLANG_WARN_CONSTANT_CONVERSION = YES;
				CLANG_WARN_DEPRECATED_OBJC_IMPLEMENTATIONS = YES;
				CLANG_WARN_DIRECT_OBJC_ISA_USAGE = YES_ERROR;
				CLANG_WARN_DOCUMENTATION_COMMENTS = YES;
				CLANG_WARN_EMPTY_BODY = YES;
				CLANG_WARN_ENUM_CONVERSION = YES;
				CLANG_WARN_INFINITE_RECURSION = YES;
				CLANG_WARN_INT_CONVERSION = YES;
				CLANG_WARN_NON_LITERAL_NULL_CONVERSION = YES;
				CLANG_WARN_OBJC_IMPLICIT_RETAIN_SELF = YES;
				CLANG_WARN_OBJC_LITERAL_CONVERSION = YES;
				CLANG_WARN_OBJC_ROOT_CLASS = YES_ERROR;
				CLANG_WARN_QUOTED_INCLUDE_IN_FRAMEWORK_HEADER = YES;
				CLANG_WARN_RANGE_LOOP_ANALYSIS = YES;
				CLANG_WARN_STRICT_PROTOTYPES = YES;
				CLANG_WARN_SUSPICIOUS_MOVE = YES;
				CLANG_WARN_UNGUARDED_AVAILABILITY = YES_AGGRESSIVE;
				CLANG_WARN_UNREACHABLE_CODE = YES;
				CLANG_WARN__DUPLICATE_METHOD_MATCH = YES;
				COPY_PHASE_STRIP = NO;
				DEBUG_INFORMATION_FORMAT = "dwarf-with-dsym";
				ENABLE_NS_ASSERTIONS = NO;
				ENABLE_STRICT_OBJC_MSGSEND = YES;
				GCC_C_LANGUAGE_STANDARD = gnu11;
				GCC_NO_COMMON_BLOCKS = YES;
				GCC_WARN_64_TO_32_BIT_CONVERSION = YES;
				GCC_WARN_ABOUT_RETURN_TYPE = YES_ERROR;
				GCC_WARN_UNDECLARED_SELECTOR = YES;
				GCC_WARN_UNINITIALIZED_AUTOS = YES_AGGRESSIVE;
				GCC_WARN_UNUSED_FUNCTION = YES;
				GCC_WARN_UNUSED_VARIABLE = YES;
				IPHONEOS_DEPLOYMENT_TARGET = 16.4;
				MTL_ENABLE_DEBUG_INFO = NO;
				MTL_FAST_MATH = YES;
				SDKROOT = iphoneos;
				SWIFT_COMPILATION_MODE = wholemodule;
				SWIFT_OPTIMIZATION_LEVEL = "-O";
				VALIDATE_PRODUCT = YES;
			};
			name = Release;
		};
		78E383852A13AA96003C8A15 /* Debug */ = {
			isa = XCBuildConfiguration;
			buildSettings = {
				ASSETCATALOG_COMPILER_APPICON_NAME = AppIcon;
				ASSETCATALOG_COMPILER_GLOBAL_ACCENT_COLOR_NAME = AccentColor;
				CODE_SIGN_STYLE = Automatic;
				CURRENT_PROJECT_VERSION = 1;
				DEVELOPMENT_TEAM = L44A2FFS88;
				GENERATE_INFOPLIST_FILE = YES;
				INFOPLIST_FILE = DepremApp/App/Plists/Info.plist;
				INFOPLIST_KEY_UIApplicationSupportsIndirectInputEvents = YES;
				INFOPLIST_KEY_UILaunchStoryboardName = LaunchScreen;
				INFOPLIST_KEY_UISupportedInterfaceOrientations_iPad = "UIInterfaceOrientationPortrait UIInterfaceOrientationPortraitUpsideDown UIInterfaceOrientationLandscapeLeft UIInterfaceOrientationLandscapeRight";
				INFOPLIST_KEY_UISupportedInterfaceOrientations_iPhone = "UIInterfaceOrientationPortrait UIInterfaceOrientationLandscapeLeft UIInterfaceOrientationLandscapeRight";
				LD_RUNPATH_SEARCH_PATHS = (
					"$(inherited)",
					"@executable_path/Frameworks",
				);
				MARKETING_VERSION = 1.0;
				PRODUCT_BUNDLE_IDENTIFIER = com.my.app.DepremApp;
				PRODUCT_NAME = "$(TARGET_NAME)";
				SUPPORTED_PLATFORMS = "iphoneos iphonesimulator";
				SUPPORTS_MACCATALYST = NO;
				SUPPORTS_MAC_DESIGNED_FOR_IPHONE_IPAD = NO;
				SWIFT_EMIT_LOC_STRINGS = YES;
				SWIFT_VERSION = 5.0;
				TARGETED_DEVICE_FAMILY = 1;
			};
			name = Debug;
		};
		78E383862A13AA96003C8A15 /* Release */ = {
			isa = XCBuildConfiguration;
			buildSettings = {
				ASSETCATALOG_COMPILER_APPICON_NAME = AppIcon;
				ASSETCATALOG_COMPILER_GLOBAL_ACCENT_COLOR_NAME = AccentColor;
				CODE_SIGN_STYLE = Automatic;
				CURRENT_PROJECT_VERSION = 1;
				DEVELOPMENT_TEAM = L44A2FFS88;
				GENERATE_INFOPLIST_FILE = YES;
				INFOPLIST_FILE = DepremApp/App/Plists/Info.plist;
				INFOPLIST_KEY_UIApplicationSupportsIndirectInputEvents = YES;
				INFOPLIST_KEY_UILaunchStoryboardName = LaunchScreen;
				INFOPLIST_KEY_UISupportedInterfaceOrientations_iPad = "UIInterfaceOrientationPortrait UIInterfaceOrientationPortraitUpsideDown UIInterfaceOrientationLandscapeLeft UIInterfaceOrientationLandscapeRight";
				INFOPLIST_KEY_UISupportedInterfaceOrientations_iPhone = "UIInterfaceOrientationPortrait UIInterfaceOrientationLandscapeLeft UIInterfaceOrientationLandscapeRight";
				LD_RUNPATH_SEARCH_PATHS = (
					"$(inherited)",
					"@executable_path/Frameworks",
				);
				MARKETING_VERSION = 1.0;
				PRODUCT_BUNDLE_IDENTIFIER = com.my.app.DepremApp;
				PRODUCT_NAME = "$(TARGET_NAME)";
				SUPPORTED_PLATFORMS = "iphoneos iphonesimulator";
				SUPPORTS_MACCATALYST = NO;
				SUPPORTS_MAC_DESIGNED_FOR_IPHONE_IPAD = NO;
				SWIFT_EMIT_LOC_STRINGS = YES;
				SWIFT_VERSION = 5.0;
				TARGETED_DEVICE_FAMILY = 1;
			};
			name = Release;
		};
/* End XCBuildConfiguration section */

/* Begin XCConfigurationList section */
		78E383682A13AA95003C8A15 /* Build configuration list for PBXProject "DepremApp" */ = {
			isa = XCConfigurationList;
			buildConfigurations = (
				78E383822A13AA96003C8A15 /* Debug */,
				78E383832A13AA96003C8A15 /* Release */,
			);
			defaultConfigurationIsVisible = 0;
			defaultConfigurationName = Release;
		};
		78E383842A13AA96003C8A15 /* Build configuration list for PBXNativeTarget "DepremApp" */ = {
			isa = XCConfigurationList;
			buildConfigurations = (
				78E383852A13AA96003C8A15 /* Debug */,
				78E383862A13AA96003C8A15 /* Release */,
			);
			defaultConfigurationIsVisible = 0;
			defaultConfigurationName = Release;
		};
/* End XCConfigurationList section */

/* Begin XCVersionGroup section */
		78E383792A13AA95003C8A15 /* DepremApp.xcdatamodeld */ = {
			isa = XCVersionGroup;
			children = (
				78E3837A2A13AA95003C8A15 /* DepremApp.xcdatamodel */,
			);
			currentVersion = 78E3837A2A13AA95003C8A15 /* DepremApp.xcdatamodel */;
			path = DepremApp.xcdatamodeld;
			sourceTree = "<group>";
			versionGroupType = wrapper.xcdatamodel;
		};
/* End XCVersionGroup section */
	};
	rootObject = 78E383652A13AA95003C8A15 /* Project object */;
}
